
Microsoft Visual Studio Solution File, Format Version 12.00
# Visual Studio Version 16
VisualStudioVersion = 16.0.31702.278
MinimumVisualStudioVersion = 10.0.40219.1
Project("{FAE04EC0-301F-11D3-BF4B-00C04F79EFBC}") = "Sapper", "Sapper\Sapper.csproj", "{CB308A67-45FD-4B8C-ADB5-7F0049C333CD}"
EndProject
Global
	GlobalSection(SolutionConfigurationPlatforms) = preSolution
		Debug|Any CPU = Debug|Any CPU
		Release|Any CPU = Release|Any CPU
	EndGlobalSection
	GlobalSection(ProjectConfigurationPlatforms) = postSolution
		{CB308A67-45FD-4B8C-ADB5-7F0049C333CD}.Debug|Any CPU.ActiveCfg = Debug|Any CPU
		{CB308A67-45FD-4B8C-ADB5-7F0049C333CD}.Debug|Any CPU.Build.0 = Debug|Any CPU
		{CB308A67-45FD-4B8C-ADB5-7F0049C333CD}.Release|Any CPU.ActiveCfg = Release|Any CPU
		{CB308A67-45FD-4B8C-ADB5-7F0049C333CD}.Release|Any CPU.Build.0 = Release|Any CPU
	EndGlobalSection
	GlobalSection(SolutionProperties) = preSolution
		HideSolutionNode = FALSE
	EndGlobalSection
	GlobalSection(ExtensibilityGlobals) = postSolution
		SolutionGuid = {95A7A424-83BD-4B5A-B283-9531526292BB}
	EndGlobalSection
EndGlobal
